// !$*UTF8*$!
{
	archiveVersion = 1;
	classes = {
	};
	objectVersion = 46;
	objects = {

/* Begin PBXBuildFile section */
		BF09047D18BD25FD00A7E638 /* Foundation.framework in Frameworks */ = {isa = PBXBuildFile; fileRef = BF09047C18BD25FD00A7E638 /* Foundation.framework */; };
		BF09047F18BD25FD00A7E638 /* CoreGraphics.framework in Frameworks */ = {isa = PBXBuildFile; fileRef = BF09047E18BD25FD00A7E638 /* CoreGraphics.framework */; };
		BF09048118BD25FD00A7E638 /* UIKit.framework in Frameworks */ = {isa = PBXBuildFile; fileRef = BF09048018BD25FD00A7E638 /* UIKit.framework */; };
		BF09048318BD25FD00A7E638 /* SpriteKit.framework in Frameworks */ = {isa = PBXBuildFile; fileRef = BF09048218BD25FD00A7E638 /* SpriteKit.framework */; };
		BF09048918BD25FD00A7E638 /* InfoPlist.strings in Resources */ = {isa = PBXBuildFile; fileRef = BF09048718BD25FD00A7E638 /* InfoPlist.strings */; };
		BF09048B18BD25FD00A7E638 /* main.m in Sources */ = {isa = PBXBuildFile; fileRef = BF09048A18BD25FD00A7E638 /* main.m */; };
		BF09048F18BD25FD00A7E638 /* AppDelegate.m in Sources */ = {isa = PBXBuildFile; fileRef = BF09048E18BD25FD00A7E638 /* AppDelegate.m */; };
		BF09049218BD25FD00A7E638 /* Main.storyboard in Resources */ = {isa = PBXBuildFile; fileRef = BF09049018BD25FD00A7E638 /* Main.storyboard */; };
		BF09049518BD25FD00A7E638 /* ViewController.m in Sources */ = {isa = PBXBuildFile; fileRef = BF09049418BD25FD00A7E638 /* ViewController.m */; };
		BF09049818BD25FD00A7E638 /* MyScene.m in Sources */ = {isa = PBXBuildFile; fileRef = BF09049718BD25FD00A7E638 /* MyScene.m */; };
		BF09049A18BD25FD00A7E638 /* Spaceship.png in Resources */ = {isa = PBXBuildFile; fileRef = BF09049918BD25FD00A7E638 /* Spaceship.png */; };
		BF09049C18BD25FD00A7E638 /* Images.xcassets in Resources */ = {isa = PBXBuildFile; fileRef = BF09049B18BD25FD00A7E638 /* Images.xcassets */; };
		BF0904A318BD25FD00A7E638 /* XCTest.framework in Frameworks */ = {isa = PBXBuildFile; fileRef = BF0904A218BD25FD00A7E638 /* XCTest.framework */; };
		BF0904A418BD25FD00A7E638 /* Foundation.framework in Frameworks */ = {isa = PBXBuildFile; fileRef = BF09047C18BD25FD00A7E638 /* Foundation.framework */; };
		BF0904A518BD25FD00A7E638 /* UIKit.framework in Frameworks */ = {isa = PBXBuildFile; fileRef = BF09048018BD25FD00A7E638 /* UIKit.framework */; };
		BF0904AD18BD25FD00A7E638 /* InfoPlist.strings in Resources */ = {isa = PBXBuildFile; fileRef = BF0904AB18BD25FD00A7E638 /* InfoPlist.strings */; };
		BF0904AF18BD25FD00A7E638 /* iosWeek5AssignmentTests.m in Sources */ = {isa = PBXBuildFile; fileRef = BF0904AE18BD25FD00A7E638 /* iosWeek5AssignmentTests.m */; };
/* End PBXBuildFile section */

/* Begin PBXContainerItemProxy section */
		BF0904A618BD25FD00A7E638 /* PBXContainerItemProxy */ = {
			isa = PBXContainerItemProxy;
			containerPortal = BF09047118BD25FD00A7E638 /* Project object */;
			proxyType = 1;
			remoteGlobalIDString = BF09047818BD25FD00A7E638;
			remoteInfo = iosWeek5Assignment;
		};
/* End PBXContainerItemProxy section */

/* Begin PBXFileReference section */
		BF09047918BD25FD00A7E638 /* iosWeek5Assignment.app */ = {isa = PBXFileReference; explicitFileType = wrapper.application; includeInIndex = 0; path = iosWeek5Assignment.app; sourceTree = BUILT_PRODUCTS_DIR; };
		BF09047C18BD25FD00A7E638 /* Foundation.framework */ = {isa = PBXFileReference; lastKnownFileType = wrapper.framework; name = Foundation.framework; path = System/Library/Frameworks/Foundation.framework; sourceTree = SDKROOT; };
		BF09047E18BD25FD00A7E638 /* CoreGraphics.framework */ = {isa = PBXFileReference; lastKnownFileType = wrapper.framework; name = CoreGraphics.framework; path = System/Library/Frameworks/CoreGraphics.framework; sourceTree = SDKROOT; };
		BF09048018BD25FD00A7E638 /* UIKit.framework */ = {isa = PBXFileReference; lastKnownFileType = wrapper.framework; name = UIKit.framework; path = System/Library/Frameworks/UIKit.framework; sourceTree = SDKROOT; };
		BF09048218BD25FD00A7E638 /* SpriteKit.framework */ = {isa = PBXFileReference; lastKnownFileType = wrapper.framework; name = SpriteKit.framework; path = System/Library/Frameworks/SpriteKit.framework; sourceTree = SDKROOT; };
		BF09048618BD25FD00A7E638 /* iosWeek5Assignment-Info.plist */ = {isa = PBXFileReference; lastKnownFileType = text.plist.xml; path = "iosWeek5Assignment-Info.plist"; sourceTree = "<group>"; };
		BF09048818BD25FD00A7E638 /* en */ = {isa = PBXFileReference; lastKnownFileType = text.plist.strings; name = en; path = en.lproj/InfoPlist.strings; sourceTree = "<group>"; };
		BF09048A18BD25FD00A7E638 /* main.m */ = {isa = PBXFileReference; lastKnownFileType = sourcecode.c.objc; path = main.m; sourceTree = "<group>"; };
		BF09048C18BD25FD00A7E638 /* iosWeek5Assignment-Prefix.pch */ = {isa = PBXFileReference; lastKnownFileType = sourcecode.c.h; path = "iosWeek5Assignment-Prefix.pch"; sourceTree = "<group>"; };
		BF09048D18BD25FD00A7E638 /* AppDelegate.h */ = {isa = PBXFileReference; lastKnownFileType = sourcecode.c.h; path = AppDelegate.h; sourceTree = "<group>"; };
		BF09048E18BD25FD00A7E638 /* AppDelegate.m */ = {isa = PBXFileReference; lastKnownFileType = sourcecode.c.objc; path = AppDelegate.m; sourceTree = "<group>"; };
		BF09049118BD25FD00A7E638 /* Base */ = {isa = PBXFileReference; lastKnownFileType = file.storyboard; name = Base; path = Base.lproj/Main.storyboard; sourceTree = "<group>"; };
		BF09049318BD25FD00A7E638 /* ViewController.h */ = {isa = PBXFileReference; lastKnownFileType = sourcecode.c.h; path = ViewController.h; sourceTree = "<group>"; };
		BF09049418BD25FD00A7E638 /* ViewController.m */ = {isa = PBXFileReference; lastKnownFileType = sourcecode.c.objc; path = ViewController.m; sourceTree = "<group>"; };
		BF09049618BD25FD00A7E638 /* MyScene.h */ = {isa = PBXFileReference; lastKnownFileType = sourcecode.c.h; path = MyScene.h; sourceTree = "<group>"; };
		BF09049718BD25FD00A7E638 /* MyScene.m */ = {isa = PBXFileReference; lastKnownFileType = sourcecode.c.objc; path = MyScene.m; sourceTree = "<group>"; };
		BF09049918BD25FD00A7E638 /* Spaceship.png */ = {isa = PBXFileReference; lastKnownFileType = image.png; path = Spaceship.png; sourceTree = "<group>"; };
		BF09049B18BD25FD00A7E638 /* Images.xcassets */ = {isa = PBXFileReference; lastKnownFileType = folder.assetcatalog; path = Images.xcassets; sourceTree = "<group>"; };
		BF0904A118BD25FD00A7E638 /* iosWeek5AssignmentTests.xctest */ = {isa = PBXFileReference; explicitFileType = wrapper.cfbundle; includeInIndex = 0; path = iosWeek5AssignmentTests.xctest; sourceTree = BUILT_PRODUCTS_DIR; };
		BF0904A218BD25FD00A7E638 /* XCTest.framework */ = {isa = PBXFileReference; lastKnownFileType = wrapper.framework; name = XCTest.framework; path = Library/Frameworks/XCTest.framework; sourceTree = DEVELOPER_DIR; };
		BF0904AA18BD25FD00A7E638 /* iosWeek5AssignmentTests-Info.plist */ = {isa = PBXFileReference; lastKnownFileType = text.plist.xml; path = "iosWeek5AssignmentTests-Info.plist"; sourceTree = "<group>"; };
		BF0904AC18BD25FD00A7E638 /* en */ = {isa = PBXFileReference; lastKnownFileType = text.plist.strings; name = en; path = en.lproj/InfoPlist.strings; sourceTree = "<group>"; };
		BF0904AE18BD25FD00A7E638 /* iosWeek5AssignmentTests.m */ = {isa = PBXFileReference; lastKnownFileType = sourcecode.c.objc; path = iosWeek5AssignmentTests.m; sourceTree = "<group>"; };
/* End PBXFileReference section */

/* Begin PBXFrameworksBuildPhase section */
		BF09047618BD25FD00A7E638 /* Frameworks */ = {
			isa = PBXFrameworksBuildPhase;
			buildActionMask = 2147483647;
			files = (
				BF09047F18BD25FD00A7E638 /* CoreGraphics.framework in Frameworks */,
				BF09048118BD25FD00A7E638 /* UIKit.framework in Frameworks */,
				BF09048318BD25FD00A7E638 /* SpriteKit.framework in Frameworks */,
				BF09047D18BD25FD00A7E638 /* Foundation.framework in Frameworks */,
			);
			runOnlyForDeploymentPostprocessing = 0;
		};
		BF09049E18BD25FD00A7E638 /* Frameworks */ = {
			isa = PBXFrameworksBuildPhase;
			buildActionMask = 2147483647;
			files = (
				BF0904A318BD25FD00A7E638 /* XCTest.framework in Frameworks */,
				BF0904A518BD25FD00A7E638 /* UIKit.framework in Frameworks */,
				BF0904A418BD25FD00A7E638 /* Foundation.framework in Frameworks */,
			);
			runOnlyForDeploymentPostprocessing = 0;
		};
/* End PBXFrameworksBuildPhase section */

/* Begin PBXGroup section */
		BF09047018BD25FD00A7E638 = {
			isa = PBXGroup;
			children = (
				BF09048418BD25FD00A7E638 /* iosWeek5Assignment */,
				BF0904A818BD25FD00A7E638 /* iosWeek5AssignmentTests */,
				BF09047B18BD25FD00A7E638 /* Frameworks */,
				BF09047A18BD25FD00A7E638 /* Products */,
			);
			sourceTree = "<group>";
		};
		BF09047A18BD25FD00A7E638 /* Products */ = {
			isa = PBXGroup;
			children = (
				BF09047918BD25FD00A7E638 /* iosWeek5Assignment.app */,
				BF0904A118BD25FD00A7E638 /* iosWeek5AssignmentTests.xctest */,
			);
			name = Products;
			sourceTree = "<group>";
		};
		BF09047B18BD25FD00A7E638 /* Frameworks */ = {
			isa = PBXGroup;
			children = (
				BF09047C18BD25FD00A7E638 /* Foundation.framework */,
				BF09047E18BD25FD00A7E638 /* CoreGraphics.framework */,
				BF09048018BD25FD00A7E638 /* UIKit.framework */,
				BF09048218BD25FD00A7E638 /* SpriteKit.framework */,
				BF0904A218BD25FD00A7E638 /* XCTest.framework */,
			);
			name = Frameworks;
			sourceTree = "<group>";
		};
		BF09048418BD25FD00A7E638 /* iosWeek5Assignment */ = {
			isa = PBXGroup;
			children = (
				BF09048D18BD25FD00A7E638 /* AppDelegate.h */,
				BF09048E18BD25FD00A7E638 /* AppDelegate.m */,
				BF09049018BD25FD00A7E638 /* Main.storyboard */,
				BF09049318BD25FD00A7E638 /* ViewController.h */,
				BF09049418BD25FD00A7E638 /* ViewController.m */,
				BF09049618BD25FD00A7E638 /* MyScene.h */,
				BF09049718BD25FD00A7E638 /* MyScene.m */,
				BF09049918BD25FD00A7E638 /* Spaceship.png */,
				BF09049B18BD25FD00A7E638 /* Images.xcassets */,
				BF09048518BD25FD00A7E638 /* Supporting Files */,
			);
			path = iosWeek5Assignment;
			sourceTree = "<group>";
		};
		BF09048518BD25FD00A7E638 /* Supporting Files */ = {
			isa = PBXGroup;
			children = (
				BF09048618BD25FD00A7E638 /* iosWeek5Assignment-Info.plist */,
				BF09048718BD25FD00A7E638 /* InfoPlist.strings */,
				BF09048A18BD25FD00A7E638 /* main.m */,
				BF09048C18BD25FD00A7E638 /* iosWeek5Assignment-Prefix.pch */,
			);
			name = "Supporting Files";
			sourceTree = "<group>";
		};
		BF0904A818BD25FD00A7E638 /* iosWeek5AssignmentTests */ = {
			isa = PBXGroup;
			children = (
				BF0904AE18BD25FD00A7E638 /* iosWeek5AssignmentTests.m */,
				BF0904A918BD25FD00A7E638 /* Supporting Files */,
			);
			path = iosWeek5AssignmentTests;
			sourceTree = "<group>";
		};
		BF0904A918BD25FD00A7E638 /* Supporting Files */ = {
			isa = PBXGroup;
			children = (
				BF0904AA18BD25FD00A7E638 /* iosWeek5AssignmentTests-Info.plist */,
				BF0904AB18BD25FD00A7E638 /* InfoPlist.strings */,
			);
			name = "Supporting Files";
			sourceTree = "<group>";
		};
/* End PBXGroup section */

/* Begin PBXNativeTarget section */
		BF09047818BD25FD00A7E638 /* iosWeek5Assignment */ = {
			isa = PBXNativeTarget;
			buildConfigurationList = BF0904B218BD25FD00A7E638 /* Build configuration list for PBXNativeTarget "iosWeek5Assignment" */;
			buildPhases = (
				BF09047518BD25FD00A7E638 /* Sources */,
				BF09047618BD25FD00A7E638 /* Frameworks */,
				BF09047718BD25FD00A7E638 /* Resources */,
			);
			buildRules = (
			);
			dependencies = (
			);
			name = iosWeek5Assignment;
			productName = iosWeek5Assignment;
			productReference = BF09047918BD25FD00A7E638 /* iosWeek5Assignment.app */;
			productType = "com.apple.product-type.application";
		};
		BF0904A018BD25FD00A7E638 /* iosWeek5AssignmentTests */ = {
			isa = PBXNativeTarget;
			buildConfigurationList = BF0904B518BD25FD00A7E638 /* Build configuration list for PBXNativeTarget "iosWeek5AssignmentTests" */;
			buildPhases = (
				BF09049D18BD25FD00A7E638 /* Sources */,
				BF09049E18BD25FD00A7E638 /* Frameworks */,
				BF09049F18BD25FD00A7E638 /* Resources */,
			);
			buildRules = (
			);
			dependencies = (
				BF0904A718BD25FD00A7E638 /* PBXTargetDependency */,
			);
			name = iosWeek5AssignmentTests;
			productName = iosWeek5AssignmentTests;
			productReference = BF0904A118BD25FD00A7E638 /* iosWeek5AssignmentTests.xctest */;
			productType = "com.apple.product-type.bundle.unit-test";
		};
/* End PBXNativeTarget section */

/* Begin PBXProject section */
		BF09047118BD25FD00A7E638 /* Project object */ = {
			isa = PBXProject;
			attributes = {
				LastUpgradeCheck = 0500;
				ORGANIZATIONNAME = "Jimmy Tang";
				TargetAttributes = {
					BF0904A018BD25FD00A7E638 = {
						TestTargetID = BF09047818BD25FD00A7E638;
					};
				};
			};
			buildConfigurationList = BF09047418BD25FD00A7E638 /* Build configuration list for PBXProject "iosWeek5Assignment" */;
			compatibilityVersion = "Xcode 3.2";
			developmentRegion = English;
			hasScannedForEncodings = 0;
			knownRegions = (
				en,
				Base,
			);
			mainGroup = BF09047018BD25FD00A7E638;
			productRefGroup = BF09047A18BD25FD00A7E638 /* Products */;
			projectDirPath = "";
			projectRoot = "";
			targets = (
				BF09047818BD25FD00A7E638 /* iosWeek5Assignment */,
				BF0904A018BD25FD00A7E638 /* iosWeek5AssignmentTests */,
			);
		};
/* End PBXProject section */

/* Begin PBXResourcesBuildPhase section */
		BF09047718BD25FD00A7E638 /* Resources */ = {
			isa = PBXResourcesBuildPhase;
			buildActionMask = 2147483647;
			files = (
				BF09048918BD25FD00A7E638 /* InfoPlist.strings in Resources */,
				BF09049C18BD25FD00A7E638 /* Images.xcassets in Resources */,
				BF09049A18BD25FD00A7E638 /* Spaceship.png in Resources */,
				BF09049218BD25FD00A7E638 /* Main.storyboard in Resources */,
			);
			runOnlyForDeploymentPostprocessing = 0;
		};
		BF09049F18BD25FD00A7E638 /* Resources */ = {
			isa = PBXResourcesBuildPhase;
			buildActionMask = 2147483647;
			files = (
				BF0904AD18BD25FD00A7E638 /* InfoPlist.strings in Resources */,
			);
			runOnlyForDeploymentPostprocessing = 0;
		};
/* End PBXResourcesBuildPhase section */

/* Begin PBXSourcesBuildPhase section */
		BF09047518BD25FD00A7E638 /* Sources */ = {
			isa = PBXSourcesBuildPhase;
			buildActionMask = 2147483647;
			files = (
				BF09049818BD25FD00A7E638 /* MyScene.m in Sources */,
				BF09049518BD25FD00A7E638 /* ViewController.m in Sources */,
				BF09048F18BD25FD00A7E638 /* AppDelegate.m in Sources */,
				BF09048B18BD25FD00A7E638 /* main.m in Sources */,
			);
			runOnlyForDeploymentPostprocessing = 0;
		};
		BF09049D18BD25FD00A7E638 /* Sources */ = {
			isa = PBXSourcesBuildPhase;
			buildActionMask = 2147483647;
			files = (
				BF0904AF18BD25FD00A7E638 /* iosWeek5AssignmentTests.m in Sources */,
			);
			runOnlyForDeploymentPostprocessing = 0;
		};
/* End PBXSourcesBuildPhase section */

/* Begin PBXTargetDependency section */
		BF0904A718BD25FD00A7E638 /* PBXTargetDependency */ = {
			isa = PBXTargetDependency;
			target = BF09047818BD25FD00A7E638 /* iosWeek5Assignment */;
			targetProxy = BF0904A618BD25FD00A7E638 /* PBXContainerItemProxy */;
		};
/* End PBXTargetDependency section */

/* Begin PBXVariantGroup section */
		BF09048718BD25FD00A7E638 /* InfoPlist.strings */ = {
			isa = PBXVariantGroup;
			children = (
				BF09048818BD25FD00A7E638 /* en */,
			);
			name = InfoPlist.strings;
			sourceTree = "<group>";
		};
		BF09049018BD25FD00A7E638 /* Main.storyboard */ = {
			isa = PBXVariantGroup;
			children = (
				BF09049118BD25FD00A7E638 /* Base */,
			);
			name = Main.storyboard;
			sourceTree = "<group>";
		};
		BF0904AB18BD25FD00A7E638 /* InfoPlist.strings */ = {
			isa = PBXVariantGroup;
			children = (
				BF0904AC18BD25FD00A7E638 /* en */,
			);
			name = InfoPlist.strings;
			sourceTree = "<group>";
		};
/* End PBXVariantGroup section */

/* Begin XCBuildConfiguration section */
		BF0904B018BD25FD00A7E638 /* Debug */ = {
			isa = XCBuildConfiguration;
			buildSettings = {
				ALWAYS_SEARCH_USER_PATHS = NO;
				ARCHS = "$(ARCHS_STANDARD_INCLUDING_64_BIT)";
				CLANG_CXX_LANGUAGE_STANDARD = "gnu++0x";
				CLANG_CXX_LIBRARY = "libc++";
				CLANG_ENABLE_MODULES = YES;
				CLANG_ENABLE_OBJC_ARC = YES;
				CLANG_WARN_BOOL_CONVERSION = YES;
				CLANG_WARN_CONSTANT_CONVERSION = YES;
				CLANG_WARN_DIRECT_OBJC_ISA_USAGE = YES_ERROR;
				CLANG_WARN_EMPTY_BODY = YES;
				CLANG_WARN_ENUM_CONVERSION = YES;
				CLANG_WARN_INT_CONVERSION = YES;
				CLANG_WARN_OBJC_ROOT_CLASS = YES_ERROR;
				CLANG_WARN__DUPLICATE_METHOD_MATCH = YES;
				"CODE_SIGN_IDENTITY[sdk=iphoneos*]" = "iPhone Developer";
				COPY_PHASE_STRIP = NO;
				GCC_C_LANGUAGE_STANDARD = gnu99;
				GCC_DYNAMIC_NO_PIC = NO;
				GCC_OPTIMIZATION_LEVEL = 0;
				GCC_PREPROCESSOR_DEFINITIONS = (
					"DEBUG=1",
					"$(inherited)",
				);
				GCC_SYMBOLS_PRIVATE_EXTERN = NO;
				GCC_WARN_64_TO_32_BIT_CONVERSION = YES;
				GCC_WARN_ABOUT_RETURN_TYPE = YES_ERROR;
				GCC_WARN_UNDECLARED_SELECTOR = YES;
				GCC_WARN_UNINITIALIZED_AUTOS = YES;
				GCC_WARN_UNUSED_FUNCTION = YES;
				GCC_WARN_UNUSED_VARIABLE = YES;
				IPHONEOS_DEPLOYMENT_TARGET = 7.0;
				ONLY_ACTIVE_ARCH = YES;
				SDKROOT = iphoneos;
			};
			name = Debug;
		};
		BF0904B118BD25FD00A7E638 /* Release */ = {
			isa = XCBuildConfiguration;
			buildSettings = {
				ALWAYS_SEARCH_USER_PATHS = NO;
				ARCHS = "$(ARCHS_STANDARD_INCLUDING_64_BIT)";
				CLANG_CXX_LANGUAGE_STANDARD = "gnu++0x";
				CLANG_CXX_LIBRARY = "libc++";
				CLANG_ENABLE_MODULES = YES;
				CLANG_ENABLE_OBJC_ARC = YES;
				CLANG_WARN_BOOL_CONVERSION = YES;
				CLANG_WARN_CONSTANT_CONVERSION = YES;
				CLANG_WARN_DIRECT_OBJC_ISA_USAGE = YES_ERROR;
				CLANG_WARN_EMPTY_BODY = YES;
				CLANG_WARN_ENUM_CONVERSION = YES;
				CLANG_WARN_INT_CONVERSION = YES;
				CLANG_WARN_OBJC_ROOT_CLASS = YES_ERROR;
				CLANG_WARN__DUPLICATE_METHOD_MATCH = YES;
				"CODE_SIGN_IDENTITY[sdk=iphoneos*]" = "iPhone Developer";
				COPY_PHASE_STRIP = YES;
				ENABLE_NS_ASSERTIONS = NO;
				GCC_C_LANGUAGE_STANDARD = gnu99;
				GCC_WARN_64_TO_32_BIT_CONVERSION = YES;
				GCC_WARN_ABOUT_RETURN_TYPE = YES_ERROR;
				GCC_WARN_UNDECLARED_SELECTOR = YES;
				GCC_WARN_UNINITIALIZED_AUTOS = YES;
				GCC_WARN_UNUSED_FUNCTION = YES;
				GCC_WARN_UNUSED_VARIABLE = YES;
				IPHONEOS_DEPLOYMENT_TARGET = 7.0;
				SDKROOT = iphoneos;
				VALIDATE_PRODUCT = YES;
			};
			name = Release;
		};
		BF0904B318BD25FD00A7E638 /* Debug */ = {
			isa = XCBuildConfiguration;
			buildSettings = {
				ASSETCATALOG_COMPILER_APPICON_NAME = AppIcon;
				ASSETCATALOG_COMPILER_LAUNCHIMAGE_NAME = LaunchImage;
				GCC_PRECOMPILE_PREFIX_HEADER = YES;
				GCC_PREFIX_HEADER = "iosWeek5Assignment/iosWeek5Assignment-Prefix.pch";
				INFOPLIST_FILE = "iosWeek5Assignment/iosWeek5Assignment-Info.plist";
				PRODUCT_NAME = "$(TARGET_NAME)";
				SPRITEKIT_TEXTURE_ATLAS_OUTPUT = YES;
				WRAPPER_EXTENSION = app;
			};
			name = Debug;
		};
		BF0904B418BD25FD00A7E638 /* Release */ = {
			isa = XCBuildConfiguration;
			buildSettings = {
				ASSETCATALOG_COMPILER_APPICON_NAME = AppIcon;
				ASSETCATALOG_COMPILER_LAUNCHIMAGE_NAME = LaunchImage;
				GCC_PRECOMPILE_PREFIX_HEADER = YES;
				GCC_PREFIX_HEADER = "iosWeek5Assignment/iosWeek5Assignment-Prefix.pch";
				INFOPLIST_FILE = "iosWeek5Assignment/iosWeek5Assignment-Info.plist";
				PRODUCT_NAME = "$(TARGET_NAME)";
				SPRITEKIT_TEXTURE_ATLAS_OUTPUT = YES;
				WRAPPER_EXTENSION = app;
			};
			name = Release;
		};
		BF0904B618BD25FD00A7E638 /* Debug */ = {
			isa = XCBuildConfiguration;
			buildSettings = {
				ARCHS = "$(ARCHS_STANDARD_INCLUDING_64_BIT)";
				BUNDLE_LOADER = "$(BUILT_PRODUCTS_DIR)/iosWeek5Assignment.app/iosWeek5Assignment";
				FRAMEWORK_SEARCH_PATHS = (
					"$(SDKROOT)/Developer/Library/Frameworks",
					"$(inherited)",
					"$(DEVELOPER_FRAMEWORKS_DIR)",
				);
				GCC_PRECOMPILE_PREFIX_HEADER = YES;
				GCC_PREFIX_HEADER = "iosWeek5Assignment/iosWeek5Assignment-Prefix.pch";
				GCC_PREPROCESSOR_DEFINITIONS = (
					"DEBUG=1",
					"$(inherited)",
				);
				INFOPLIST_FILE = "iosWeek5AssignmentTests/iosWeek5AssignmentTests-Info.plist";
				PRODUCT_NAME = "$(TARGET_NAME)";
				TEST_HOST = "$(BUNDLE_LOADER)";
				WRAPPER_EXTENSION = xctest;
			};
			name = Debug;
		};
		BF0904B718BD25FD00A7E638 /* Release */ = {
			isa = XCBuildConfiguration;
			buildSettings = {
				ARCHS = "$(ARCHS_STANDARD_INCLUDING_64_BIT)";
				BUNDLE_LOADER = "$(BUILT_PRODUCTS_DIR)/iosWeek5Assignment.app/iosWeek5Assignment";
				FRAMEWORK_SEARCH_PATHS = (
					"$(SDKROOT)/Developer/Library/Frameworks",
					"$(inherited)",
					"$(DEVELOPER_FRAMEWORKS_DIR)",
				);
				GCC_PRECOMPILE_PREFIX_HEADER = YES;
				GCC_PREFIX_HEADER = "iosWeek5Assignment/iosWeek5Assignment-Prefix.pch";
				INFOPLIST_FILE = "iosWeek5AssignmentTests/iosWeek5AssignmentTests-Info.plist";
				PRODUCT_NAME = "$(TARGET_NAME)";
				TEST_HOST = "$(BUNDLE_LOADER)";
				WRAPPER_EXTENSION = xctest;
			};
			name = Release;
		};
/* End XCBuildConfiguration section */

/* Begin XCConfigurationList section */
		BF09047418BD25FD00A7E638 /* Build configuration list for PBXProject "iosWeek5Assignment" */ = {
			isa = XCConfigurationList;
			buildConfigurations = (
				BF0904B018BD25FD00A7E638 /* Debug */,
				BF0904B118BD25FD00A7E638 /* Release */,
			);
			defaultConfigurationIsVisible = 0;
			defaultConfigurationName = Release;
		};
		BF0904B218BD25FD00A7E638 /* Build configuration list for PBXNativeTarget "iosWeek5Assignment" */ = {
			isa = XCConfigurationList;
			buildConfigurations = (
				BF0904B318BD25FD00A7E638 /* Debug */,
				BF0904B418BD25FD00A7E638 /* Release */,
			);
			defaultConfigurationIsVisible = 0;
		};
		BF0904B518BD25FD00A7E638 /* Build configuration list for PBXNativeTarget "iosWeek5AssignmentTests" */ = {
			isa = XCConfigurationList;
			buildConfigurations = (
				BF0904B618BD25FD00A7E638 /* Debug */,
				BF0904B718BD25FD00A7E638 /* Release */,
			);
			defaultConfigurationIsVisible = 0;
		};
/* End XCConfigurationList section */
	};
	rootObject = BF09047118BD25FD00A7E638 /* Project object */;
}
